// !$*UTF8*$!
{
	archiveVersion = 1;
	classes = {
	};
	objectVersion = 50;
	objects = {

/* Begin PBXBuildFile section */
		245D7AFA26052BAE0097A319 /* AppDelegate.swift in Sources */ = {isa = PBXBuildFile; fileRef = 245D7AF926052BAE0097A319 /* AppDelegate.swift */; };
		245D7AFC26052BAE0097A319 /* SceneDelegate.swift in Sources */ = {isa = PBXBuildFile; fileRef = 245D7AFB26052BAE0097A319 /* SceneDelegate.swift */; };
		245D7AFE26052BAE0097A319 /* ViewController.swift in Sources */ = {isa = PBXBuildFile; fileRef = 245D7AFD26052BAE0097A319 /* ViewController.swift */; };
		245D7B0126052BAE0097A319 /* Main.storyboard in Resources */ = {isa = PBXBuildFile; fileRef = 245D7AFF26052BAE0097A319 /* Main.storyboard */; };
		245D7B0326052BB00097A319 /* Assets.xcassets in Resources */ = {isa = PBXBuildFile; fileRef = 245D7B0226052BB00097A319 /* Assets.xcassets */; };
		245D7B0626052BB00097A319 /* LaunchScreen.storyboard in Resources */ = {isa = PBXBuildFile; fileRef = 245D7B0426052BB00097A319 /* LaunchScreen.storyboard */; };
		245D7B1126052BB10097A319 /* ParstagramTests.swift in Sources */ = {isa = PBXBuildFile; fileRef = 245D7B1026052BB10097A319 /* ParstagramTests.swift */; };
		245D7B1C26052BB10097A319 /* ParstagramUITests.swift in Sources */ = {isa = PBXBuildFile; fileRef = 245D7B1B26052BB10097A319 /* ParstagramUITests.swift */; };
/* End PBXBuildFile section */

/* Begin PBXContainerItemProxy section */
		245D7B0D26052BB10097A319 /* PBXContainerItemProxy */ = {
			isa = PBXContainerItemProxy;
			containerPortal = 245D7AEE26052BAE0097A319 /* Project object */;
			proxyType = 1;
			remoteGlobalIDString = 245D7AF526052BAE0097A319;
			remoteInfo = Parstagram;
		};
		245D7B1826052BB10097A319 /* PBXContainerItemProxy */ = {
			isa = PBXContainerItemProxy;
			containerPortal = 245D7AEE26052BAE0097A319 /* Project object */;
			proxyType = 1;
			remoteGlobalIDString = 245D7AF526052BAE0097A319;
			remoteInfo = Parstagram;
		};
/* End PBXContainerItemProxy section */

/* Begin PBXFileReference section */
		245D7AF626052BAE0097A319 /* Parstagram.app */ = {isa = PBXFileReference; explicitFileType = wrapper.application; includeInIndex = 0; path = Parstagram.app; sourceTree = BUILT_PRODUCTS_DIR; };
		245D7AF926052BAE0097A319 /* AppDelegate.swift */ = {isa = PBXFileReference; lastKnownFileType = sourcecode.swift; path = AppDelegate.swift; sourceTree = "<group>"; };
		245D7AFB26052BAE0097A319 /* SceneDelegate.swift */ = {isa = PBXFileReference; lastKnownFileType = sourcecode.swift; path = SceneDelegate.swift; sourceTree = "<group>"; };
		245D7AFD26052BAE0097A319 /* ViewController.swift */ = {isa = PBXFileReference; lastKnownFileType = sourcecode.swift; path = ViewController.swift; sourceTree = "<group>"; };
		245D7B0026052BAE0097A319 /* Base */ = {isa = PBXFileReference; lastKnownFileType = file.storyboard; name = Base; path = Base.lproj/Main.storyboard; sourceTree = "<group>"; };
		245D7B0226052BB00097A319 /* Assets.xcassets */ = {isa = PBXFileReference; lastKnownFileType = folder.assetcatalog; path = Assets.xcassets; sourceTree = "<group>"; };
		245D7B0526052BB00097A319 /* Base */ = {isa = PBXFileReference; lastKnownFileType = file.storyboard; name = Base; path = Base.lproj/LaunchScreen.storyboard; sourceTree = "<group>"; };
		245D7B0726052BB00097A319 /* Info.plist */ = {isa = PBXFileReference; lastKnownFileType = text.plist.xml; path = Info.plist; sourceTree = "<group>"; };
		245D7B0C26052BB10097A319 /* ParstagramTests.xctest */ = {isa = PBXFileReference; explicitFileType = wrapper.cfbundle; includeInIndex = 0; path = ParstagramTests.xctest; sourceTree = BUILT_PRODUCTS_DIR; };
		245D7B1026052BB10097A319 /* ParstagramTests.swift */ = {isa = PBXFileReference; lastKnownFileType = sourcecode.swift; path = ParstagramTests.swift; sourceTree = "<group>"; };
		245D7B1226052BB10097A319 /* Info.plist */ = {isa = PBXFileReference; lastKnownFileType = text.plist.xml; path = Info.plist; sourceTree = "<group>"; };
		245D7B1726052BB10097A319 /* ParstagramUITests.xctest */ = {isa = PBXFileReference; explicitFileType = wrapper.cfbundle; includeInIndex = 0; path = ParstagramUITests.xctest; sourceTree = BUILT_PRODUCTS_DIR; };
		245D7B1B26052BB10097A319 /* ParstagramUITests.swift */ = {isa = PBXFileReference; lastKnownFileType = sourcecode.swift; path = ParstagramUITests.swift; sourceTree = "<group>"; };
		245D7B1D26052BB10097A319 /* Info.plist */ = {isa = PBXFileReference; lastKnownFileType = text.plist.xml; path = Info.plist; sourceTree = "<group>"; };
/* End PBXFileReference section */

/* Begin PBXFrameworksBuildPhase section */
		245D7AF326052BAE0097A319 /* Frameworks */ = {
			isa = PBXFrameworksBuildPhase;
			buildActionMask = 2147483647;
			files = (
			);
			runOnlyForDeploymentPostprocessing = 0;
		};
		245D7B0926052BB10097A319 /* Frameworks */ = {
			isa = PBXFrameworksBuildPhase;
			buildActionMask = 2147483647;
			files = (
			);
			runOnlyForDeploymentPostprocessing = 0;
		};
		245D7B1426052BB10097A319 /* Frameworks */ = {
			isa = PBXFrameworksBuildPhase;
			buildActionMask = 2147483647;
			files = (
			);
			runOnlyForDeploymentPostprocessing = 0;
		};
/* End PBXFrameworksBuildPhase section */

/* Begin PBXGroup section */
		245D7AED26052BAE0097A319 = {
			isa = PBXGroup;
			children = (
				245D7AF826052BAE0097A319 /* Parstagram */,
				245D7B0F26052BB10097A319 /* ParstagramTests */,
				245D7B1A26052BB10097A319 /* ParstagramUITests */,
				245D7AF726052BAE0097A319 /* Products */,
			);
			sourceTree = "<group>";
		};
		245D7AF726052BAE0097A319 /* Products */ = {
			isa = PBXGroup;
			children = (
				245D7AF626052BAE0097A319 /* Parstagram.app */,
				245D7B0C26052BB10097A319 /* ParstagramTests.xctest */,
				245D7B1726052BB10097A319 /* ParstagramUITests.xctest */,
			);
			name = Products;
			sourceTree = "<group>";
		};
		245D7AF826052BAE0097A319 /* Parstagram */ = {
			isa = PBXGroup;
			children = (
				245D7AF926052BAE0097A319 /* AppDelegate.swift */,
				245D7AFB26052BAE0097A319 /* SceneDelegate.swift */,
				245D7AFD26052BAE0097A319 /* ViewController.swift */,
				245D7AFF26052BAE0097A319 /* Main.storyboard */,
				245D7B0226052BB00097A319 /* Assets.xcassets */,
				245D7B0426052BB00097A319 /* LaunchScreen.storyboard */,
				245D7B0726052BB00097A319 /* Info.plist */,
			);
			path = Parstagram;
			sourceTree = "<group>";
		};
		245D7B0F26052BB10097A319 /* ParstagramTests */ = {
			isa = PBXGroup;
			children = (
				245D7B1026052BB10097A319 /* ParstagramTests.swift */,
				245D7B1226052BB10097A319 /* Info.plist */,
			);
			path = ParstagramTests;
			sourceTree = "<group>";
		};
		245D7B1A26052BB10097A319 /* ParstagramUITests */ = {
			isa = PBXGroup;
			children = (
				245D7B1B26052BB10097A319 /* ParstagramUITests.swift */,
				245D7B1D26052BB10097A319 /* Info.plist */,
			);
			path = ParstagramUITests;
			sourceTree = "<group>";
		};
/* End PBXGroup section */

/* Begin PBXNativeTarget section */
		245D7AF526052BAE0097A319 /* Parstagram */ = {
			isa = PBXNativeTarget;
			buildConfigurationList = 245D7B2026052BB10097A319 /* Build configuration list for PBXNativeTarget "Parstagram" */;
			buildPhases = (
				245D7AF226052BAE0097A319 /* Sources */,
				245D7AF326052BAE0097A319 /* Frameworks */,
				245D7AF426052BAE0097A319 /* Resources */,
			);
			buildRules = (
			);
			dependencies = (
			);
			name = Parstagram;
			productName = Parstagram;
			productReference = 245D7AF626052BAE0097A319 /* Parstagram.app */;
			productType = "com.apple.product-type.application";
		};
		245D7B0B26052BB10097A319 /* ParstagramTests */ = {
			isa = PBXNativeTarget;
			buildConfigurationList = 245D7B2326052BB10097A319 /* Build configuration list for PBXNativeTarget "ParstagramTests" */;
			buildPhases = (
				245D7B0826052BB10097A319 /* Sources */,
				245D7B0926052BB10097A319 /* Frameworks */,
				245D7B0A26052BB10097A319 /* Resources */,
			);
			buildRules = (
			);
			dependencies = (
				245D7B0E26052BB10097A319 /* PBXTargetDependency */,
			);
			name = ParstagramTests;
			productName = ParstagramTests;
			productReference = 245D7B0C26052BB10097A319 /* ParstagramTests.xctest */;
			productType = "com.apple.product-type.bundle.unit-test";
		};
		245D7B1626052BB10097A319 /* ParstagramUITests */ = {
			isa = PBXNativeTarget;
			buildConfigurationList = 245D7B2626052BB10097A319 /* Build configuration list for PBXNativeTarget "ParstagramUITests" */;
			buildPhases = (
				245D7B1326052BB10097A319 /* Sources */,
				245D7B1426052BB10097A319 /* Frameworks */,
				245D7B1526052BB10097A319 /* Resources */,
			);
			buildRules = (
			);
			dependencies = (
				245D7B1926052BB10097A319 /* PBXTargetDependency */,
			);
			name = ParstagramUITests;
			productName = ParstagramUITests;
			productReference = 245D7B1726052BB10097A319 /* ParstagramUITests.xctest */;
			productType = "com.apple.product-type.bundle.ui-testing";
		};
/* End PBXNativeTarget section */

/* Begin PBXProject section */
		245D7AEE26052BAE0097A319 /* Project object */ = {
			isa = PBXProject;
			attributes = {
				LastSwiftUpdateCheck = 1240;
				LastUpgradeCheck = 1240;
				TargetAttributes = {
					245D7AF526052BAE0097A319 = {
						CreatedOnToolsVersion = 12.4;
					};
					245D7B0B26052BB10097A319 = {
						CreatedOnToolsVersion = 12.4;
						TestTargetID = 245D7AF526052BAE0097A319;
					};
					245D7B1626052BB10097A319 = {
						CreatedOnToolsVersion = 12.4;
						TestTargetID = 245D7AF526052BAE0097A319;
					};
				};
			};
			buildConfigurationList = 245D7AF126052BAE0097A319 /* Build configuration list for PBXProject "Parstagram" */;
			compatibilityVersion = "Xcode 9.3";
			developmentRegion = en;
			hasScannedForEncodings = 0;
			knownRegions = (
				en,
				Base,
			);
			mainGroup = 245D7AED26052BAE0097A319;
			productRefGroup = 245D7AF726052BAE0097A319 /* Products */;
			projectDirPath = "";
			projectRoot = "";
			targets = (
				245D7AF526052BAE0097A319 /* Parstagram */,
				245D7B0B26052BB10097A319 /* ParstagramTests */,
				245D7B1626052BB10097A319 /* ParstagramUITests */,
			);
		};
/* End PBXProject section */

/* Begin PBXResourcesBuildPhase section */
		245D7AF426052BAE0097A319 /* Resources */ = {
			isa = PBXResourcesBuildPhase;
			buildActionMask = 2147483647;
			files = (
				245D7B0626052BB00097A319 /* LaunchScreen.storyboard in Resources */,
				245D7B0326052BB00097A319 /* Assets.xcassets in Resources */,
				245D7B0126052BAE0097A319 /* Main.storyboard in Resources */,
			);
			runOnlyForDeploymentPostprocessing = 0;
		};
		245D7B0A26052BB10097A319 /* Resources */ = {
			isa = PBXResourcesBuildPhase;
			buildActionMask = 2147483647;
			files = (
			);
			runOnlyForDeploymentPostprocessing = 0;
		};
		245D7B1526052BB10097A319 /* Resources */ = {
			isa = PBXResourcesBuildPhase;
			buildActionMask = 2147483647;
			files = (
			);
			runOnlyForDeploymentPostprocessing = 0;
		};
/* End PBXResourcesBuildPhase section */

/* Begin PBXSourcesBuildPhase section */
		245D7AF226052BAE0097A319 /* Sources */ = {
			isa = PBXSourcesBuildPhase;
			buildActionMask = 2147483647;
			files = (
				245D7AFE26052BAE0097A319 /* ViewController.swift in Sources */,
				245D7AFA26052BAE0097A319 /* AppDelegate.swift in Sources */,
				245D7AFC26052BAE0097A319 /* SceneDelegate.swift in Sources */,
			);
			runOnlyForDeploymentPostprocessing = 0;
		};
		245D7B0826052BB10097A319 /* Sources */ = {
			isa = PBXSourcesBuildPhase;
			buildActionMask = 2147483647;
			files = (
				245D7B1126052BB10097A319 /* ParstagramTests.swift in Sources */,
			);
			runOnlyForDeploymentPostprocessing = 0;
		};
		245D7B1326052BB10097A319 /* Sources */ = {
			isa = PBXSourcesBuildPhase;
			buildActionMask = 2147483647;
			files = (
				245D7B1C26052BB10097A319 /* ParstagramUITests.swift in Sources */,
			);
			runOnlyForDeploymentPostprocessing = 0;
		};
/* End PBXSourcesBuildPhase section */

/* Begin PBXTargetDependency section */
		245D7B0E26052BB10097A319 /* PBXTargetDependency */ = {
			isa = PBXTargetDependency;
			target = 245D7AF526052BAE0097A319 /* Parstagram */;
			targetProxy = 245D7B0D26052BB10097A319 /* PBXContainerItemProxy */;
		};
		245D7B1926052BB10097A319 /* PBXTargetDependency */ = {
			isa = PBXTargetDependency;
			target = 245D7AF526052BAE0097A319 /* Parstagram */;
			targetProxy = 245D7B1826052BB10097A319 /* PBXContainerItemProxy */;
		};
/* End PBXTargetDependency section */

/* Begin PBXVariantGroup section */
		245D7AFF26052BAE0097A319 /* Main.storyboard */ = {
			isa = PBXVariantGroup;
			children = (
				245D7B0026052BAE0097A319 /* Base */,
			);
			name = Main.storyboard;
			sourceTree = "<group>";
		};
		245D7B0426052BB00097A319 /* LaunchScreen.storyboard */ = {
			isa = PBXVariantGroup;
			children = (
				245D7B0526052BB00097A319 /* Base */,
			);
			name = LaunchScreen.storyboard;
			sourceTree = "<group>";
		};
/* End PBXVariantGroup section */

/* Begin XCBuildConfiguration section */
		245D7B1E26052BB10097A319 /* Debug */ = {
			isa = XCBuildConfiguration;
			buildSettings = {
				ALWAYS_SEARCH_USER_PATHS = NO;
				CLANG_ANALYZER_NONNULL = YES;
				CLANG_ANALYZER_NUMBER_OBJECT_CONVERSION = YES_AGGRESSIVE;
				CLANG_CXX_LANGUAGE_STANDARD = "gnu++14";
				CLANG_CXX_LIBRARY = "libc++";
				CLANG_ENABLE_MODULES = YES;
				CLANG_ENABLE_OBJC_ARC = YES;
				CLANG_ENABLE_OBJC_WEAK = YES;
				CLANG_WARN_BLOCK_CAPTURE_AUTORELEASING = YES;
				CLANG_WARN_BOOL_CONVERSION = YES;
				CLANG_WARN_COMMA = YES;
				CLANG_WARN_CONSTANT_CONVERSION = YES;
				CLANG_WARN_DEPRECATED_OBJC_IMPLEMENTATIONS = YES;
				CLANG_WARN_DIRECT_OBJC_ISA_USAGE = YES_ERROR;
				CLANG_WARN_DOCUMENTATION_COMMENTS = YES;
				CLANG_WARN_EMPTY_BODY = YES;
				CLANG_WARN_ENUM_CONVERSION = YES;
				CLANG_WARN_INFINITE_RECURSION = YES;
				CLANG_WARN_INT_CONVERSION = YES;
				CLANG_WARN_NON_LITERAL_NULL_CONVERSION = YES;
				CLANG_WARN_OBJC_IMPLICIT_RETAIN_SELF = YES;
				CLANG_WARN_OBJC_LITERAL_CONVERSION = YES;
				CLANG_WARN_OBJC_ROOT_CLASS = YES_ERROR;
				CLANG_WARN_QUOTED_INCLUDE_IN_FRAMEWORK_HEADER = YES;
				CLANG_WARN_RANGE_LOOP_ANALYSIS = YES;
				CLANG_WARN_STRICT_PROTOTYPES = YES;
				CLANG_WARN_SUSPICIOUS_MOVE = YES;
				CLANG_WARN_UNGUARDED_AVAILABILITY = YES_AGGRESSIVE;
				CLANG_WARN_UNREACHABLE_CODE = YES;
				CLANG_WARN__DUPLICATE_METHOD_MATCH = YES;
				COPY_PHASE_STRIP = NO;
				DEBUG_INFORMATION_FORMAT = dwarf;
				ENABLE_STRICT_OBJC_MSGSEND = YES;
				ENABLE_TESTABILITY = YES;
				GCC_C_LANGUAGE_STANDARD = gnu11;
				GCC_DYNAMIC_NO_PIC = NO;
				GCC_NO_COMMON_BLOCKS = YES;
				GCC_OPTIMIZATION_LEVEL = 0;
				GCC_PREPROCESSOR_DEFINITIONS = (
					"DEBUG=1",
					"$(inherited)",
				);
				GCC_WARN_64_TO_32_BIT_CONVERSION = YES;
				GCC_WARN_ABOUT_RETURN_TYPE = YES_ERROR;
				GCC_WARN_UNDECLARED_SELECTOR = YES;
				GCC_WARN_UNINITIALIZED_AUTOS = YES_AGGRESSIVE;
				GCC_WARN_UNUSED_FUNCTION = YES;
				GCC_WARN_UNUSED_VARIABLE = YES;
				IPHONEOS_DEPLOYMENT_TARGET = 14.4;
				MTL_ENABLE_DEBUG_INFO = INCLUDE_SOURCE;
				MTL_FAST_MATH = YES;
				ONLY_ACTIVE_ARCH = YES;
				SDKROOT = iphoneos;
				SWIFT_ACTIVE_COMPILATION_CONDITIONS = DEBUG;
				SWIFT_OPTIMIZATION_LEVEL = "-Onone";
			};
			name = Debug;
		};
		245D7B1F26052BB10097A319 /* Release */ = {
			isa = XCBuildConfiguration;
			buildSettings = {
				ALWAYS_SEARCH_USER_PATHS = NO;
				CLANG_ANALYZER_NONNULL = YES;
				CLANG_ANALYZER_NUMBER_OBJECT_CONVERSION = YES_AGGRESSIVE;
				CLANG_CXX_LANGUAGE_STANDARD = "gnu++14";
				CLANG_CXX_LIBRARY = "libc++";
				CLANG_ENABLE_MODULES = YES;
				CLANG_ENABLE_OBJC_ARC = YES;
				CLANG_ENABLE_OBJC_WEAK = YES;
				CLANG_WARN_BLOCK_CAPTURE_AUTORELEASING = YES;
				CLANG_WARN_BOOL_CONVERSION = YES;
				CLANG_WARN_COMMA = YES;
				CLANG_WARN_CONSTANT_CONVERSION = YES;
				CLANG_WARN_DEPRECATED_OBJC_IMPLEMENTATIONS = YES;
				CLANG_WARN_DIRECT_OBJC_ISA_USAGE = YES_ERROR;
				CLANG_WARN_DOCUMENTATION_COMMENTS = YES;
				CLANG_WARN_EMPTY_BODY = YES;
				CLANG_WARN_ENUM_CONVERSION = YES;
				CLANG_WARN_INFINITE_RECURSION = YES;
				CLANG_WARN_INT_CONVERSION = YES;
				CLANG_WARN_NON_LITERAL_NULL_CONVERSION = YES;
				CLANG_WARN_OBJC_IMPLICIT_RETAIN_SELF = YES;
				CLANG_WARN_OBJC_LITERAL_CONVERSION = YES;
				CLANG_WARN_OBJC_ROOT_CLASS = YES_ERROR;
				CLANG_WARN_QUOTED_INCLUDE_IN_FRAMEWORK_HEADER = YES;
				CLANG_WARN_RANGE_LOOP_ANALYSIS = YES;
				CLANG_WARN_STRICT_PROTOTYPES = YES;
				CLANG_WARN_SUSPICIOUS_MOVE = YES;
				CLANG_WARN_UNGUARDED_AVAILABILITY = YES_AGGRESSIVE;
				CLANG_WARN_UNREACHABLE_CODE = YES;
				CLANG_WARN__DUPLICATE_METHOD_MATCH = YES;
				COPY_PHASE_STRIP = NO;
				DEBUG_INFORMATION_FORMAT = "dwarf-with-dsym";
				ENABLE_NS_ASSERTIONS = NO;
				ENABLE_STRICT_OBJC_MSGSEND = YES;
				GCC_C_LANGUAGE_STANDARD = gnu11;
				GCC_NO_COMMON_BLOCKS = YES;
				GCC_WARN_64_TO_32_BIT_CONVERSION = YES;
				GCC_WARN_ABOUT_RETURN_TYPE = YES_ERROR;
				GCC_WARN_UNDECLARED_SELECTOR = YES;
				GCC_WARN_UNINITIALIZED_AUTOS = YES_AGGRESSIVE;
				GCC_WARN_UNUSED_FUNCTION = YES;
				GCC_WARN_UNUSED_VARIABLE = YES;
				IPHONEOS_DEPLOYMENT_TARGET = 14.4;
				MTL_ENABLE_DEBUG_INFO = NO;
				MTL_FAST_MATH = YES;
				SDKROOT = iphoneos;
				SWIFT_COMPILATION_MODE = wholemodule;
				SWIFT_OPTIMIZATION_LEVEL = "-O";
				VALIDATE_PRODUCT = YES;
			};
			name = Release;
		};
		245D7B2126052BB10097A319 /* Debug */ = {
			isa = XCBuildConfiguration;
			buildSettings = {
				ASSETCATALOG_COMPILER_APPICON_NAME = AppIcon;
				ASSETCATALOG_COMPILER_GLOBAL_ACCENT_COLOR_NAME = AccentColor;
				CODE_SIGN_STYLE = Automatic;
				INFOPLIST_FILE = Parstagram/Info.plist;
				LD_RUNPATH_SEARCH_PATHS = (
					"$(inherited)",
					"@executable_path/Frameworks",
				);
				PRODUCT_BUNDLE_IDENTIFIER = caroline.hernandez36.Parstagram;
				PRODUCT_NAME = "$(TARGET_NAME)";
				SWIFT_VERSION = 5.0;
				TARGETED_DEVICE_FAMILY = "1,2";
			};
			name = Debug;
		};
		245D7B2226052BB10097A319 /* Release */ = {
			isa = XCBuildConfiguration;
			buildSettings = {
				ASSETCATALOG_COMPILER_APPICON_NAME = AppIcon;
				ASSETCATALOG_COMPILER_GLOBAL_ACCENT_COLOR_NAME = AccentColor;
				CODE_SIGN_STYLE = Automatic;
				INFOPLIST_FILE = Parstagram/Info.plist;
				LD_RUNPATH_SEARCH_PATHS = (
					"$(inherited)",
					"@executable_path/Frameworks",
				);
				PRODUCT_BUNDLE_IDENTIFIER = caroline.hernandez36.Parstagram;
				PRODUCT_NAME = "$(TARGET_NAME)";
				SWIFT_VERSION = 5.0;
				TARGETED_DEVICE_FAMILY = "1,2";
			};
			name = Release;
		};
		245D7B2426052BB10097A319 /* Debug */ = {
			isa = XCBuildConfiguration;
			buildSettings = {
				ALWAYS_EMBED_SWIFT_STANDARD_LIBRARIES = YES;
				BUNDLE_LOADER = "$(TEST_HOST)";
				CODE_SIGN_STYLE = Automatic;
				INFOPLIST_FILE = ParstagramTests/Info.plist;
				IPHONEOS_DEPLOYMENT_TARGET = 14.4;
				LD_RUNPATH_SEARCH_PATHS = (
					"$(inherited)",
					"@executable_path/Frameworks",
					"@loader_path/Frameworks",
				);
				PRODUCT_BUNDLE_IDENTIFIER = caroline.hernandez36.ParstagramTests;
				PRODUCT_NAME = "$(TARGET_NAME)";
				SWIFT_VERSION = 5.0;
				TARGETED_DEVICE_FAMILY = "1,2";
				TEST_HOST = "$(BUILT_PRODUCTS_DIR)/Parstagram.app/Parstagram";
			};
			name = Debug;
		};
		245D7B2526052BB10097A319 /* Release */ = {
			isa = XCBuildConfiguration;
			buildSettings = {
				ALWAYS_EMBED_SWIFT_STANDARD_LIBRARIES = YES;
				BUNDLE_LOADER = "$(TEST_HOST)";
				CODE_SIGN_STYLE = Automatic;
				INFOPLIST_FILE = ParstagramTests/Info.plist;
				IPHONEOS_DEPLOYMENT_TARGET = 14.4;
				LD_RUNPATH_SEARCH_PATHS = (
					"$(inherited)",
					"@executable_path/Frameworks",
					"@loader_path/Frameworks",
				);
				PRODUCT_BUNDLE_IDENTIFIER = caroline.hernandez36.ParstagramTests;
				PRODUCT_NAME = "$(TARGET_NAME)";
				SWIFT_VERSION = 5.0;
				TARGETED_DEVICE_FAMILY = "1,2";
				TEST_HOST = "$(BUILT_PRODUCTS_DIR)/Parstagram.app/Parstagram";
			};
			name = Release;
		};
		245D7B2726052BB10097A319 /* Debug */ = {
			isa = XCBuildConfiguration;
			buildSettings = {
				ALWAYS_EMBED_SWIFT_STANDARD_LIBRARIES = YES;
				CODE_SIGN_STYLE = Automatic;
				INFOPLIST_FILE = ParstagramUITests/Info.plist;
				LD_RUNPATH_SEARCH_PATHS = (
					"$(inherited)",
					"@executable_path/Frameworks",
					"@loader_path/Frameworks",
				);
				PRODUCT_BUNDLE_IDENTIFIER = caroline.hernandez36.ParstagramUITests;
				PRODUCT_NAME = "$(TARGET_NAME)";
				SWIFT_VERSION = 5.0;
				TARGETED_DEVICE_FAMILY = "1,2";
				TEST_TARGET_NAME = Parstagram;
			};
			name = Debug;
		};
		245D7B2826052BB10097A319 /* Release */ = {
			isa = XCBuildConfiguration;
			buildSettings = {
				ALWAYS_EMBED_SWIFT_STANDARD_LIBRARIES = YES;
				CODE_SIGN_STYLE = Automatic;
				INFOPLIST_FILE = ParstagramUITests/Info.plist;
				LD_RUNPATH_SEARCH_PATHS = (
					"$(inherited)",
					"@executable_path/Frameworks",
					"@loader_path/Frameworks",
				);
				PRODUCT_BUNDLE_IDENTIFIER = caroline.hernandez36.ParstagramUITests;
				PRODUCT_NAME = "$(TARGET_NAME)";
				SWIFT_VERSION = 5.0;
				TARGETED_DEVICE_FAMILY = "1,2";
				TEST_TARGET_NAME = Parstagram;
			};
			name = Release;
		};
/* End XCBuildConfiguration section */

/* Begin XCConfigurationList section */
		245D7AF126052BAE0097A319 /* Build configuration list for PBXProject "Parstagram" */ = {
			isa = XCConfigurationList;
			buildConfigurations = (
				245D7B1E26052BB10097A319 /* Debug */,
				245D7B1F26052BB10097A319 /* Release */,
			);
			defaultConfigurationIsVisible = 0;
			defaultConfigurationName = Release;
		};
		245D7B2026052BB10097A319 /* Build configuration list for PBXNativeTarget "Parstagram" */ = {
			isa = XCConfigurationList;
			buildConfigurations = (
				245D7B2126052BB10097A319 /* Debug */,
				245D7B2226052BB10097A319 /* Release */,
			);
			defaultConfigurationIsVisible = 0;
			defaultConfigurationName = Release;
		};
		245D7B2326052BB10097A319 /* Build configuration list for PBXNativeTarget "ParstagramTests" */ = {
			isa = XCConfigurationList;
			buildConfigurations = (
				245D7B2426052BB10097A319 /* Debug */,
				245D7B2526052BB10097A319 /* Release */,
			);
			defaultConfigurationIsVisible = 0;
			defaultConfigurationName = Release;
		};
		245D7B2626052BB10097A319 /* Build configuration list for PBXNativeTarget "ParstagramUITests" */ = {
			isa = XCConfigurationList;
			buildConfigurations = (
				245D7B2726052BB10097A319 /* Debug */,
				245D7B2826052BB10097A319 /* Release */,
			);
			defaultConfigurationIsVisible = 0;
			defaultConfigurationName = Release;
		};
/* End XCConfigurationList section */
	};
	rootObject = 245D7AEE26052BAE0097A319 /* Project object */;
}
